{
  "nodes": {
    "naersk": {
      "inputs": {
        "nixpkgs": "nixpkgs"
      },
      "locked": {
        "lastModified": 1639947939,
        "narHash": "sha256-pGsM8haJadVP80GFq4xhnSpNitYNQpaXk4cnA796Cso=",
        "owner": "nmattia",
        "repo": "naersk",
        "rev": "2fc8ce9d3c025d59fee349c1f80be9785049d653",
        "type": "github"
      },
      "original": {
        "owner": "nmattia",
        "ref": "master",
        "repo": "naersk",
        "type": "github"
      }
    },
    "nixpkgs": {
      "locked": {
        "lastModified": 1641710811,
        "narHash": "sha256-yVJ+CtwWZY8BnkNIJ/ue5a28yrRM6CkDF1LvmGmqqwM=",
        "owner": "NixOS",
        "repo": "nixpkgs",
        "rev": "0ecf7d414811f831060cf55707c374d54fbb1dec",
        "type": "github"
      },
      "original": {
        "id": "nixpkgs",
        "type": "indirect"
      }
    },
    "nixpkgs_2": {
      "locked": {
        "lastModified": 1643202076,
        "narHash": "sha256-EcrUSBkBnw3KtDBoDwHvvwR1R6YF0axNFE4Vd2++iok=",
        "owner": "NixOS",
        "repo": "nixpkgs",
        "rev": "e722007bf05802573b41701c49da6c8814878171",
        "type": "github"
      },
      "original": {
        "owner": "NixOS",
        "ref": "nixpkgs-unstable",
        "repo": "nixpkgs",
        "type": "github"
      }
    },
    "root": {
      "inputs": {
        "naersk": "naersk",
        "nixpkgs": "nixpkgs_2",
        "utils": "utils"
      }
    },
    "utils": {
      "locked": {
        "lastModified": 1642700792,
        "narHash": "sha256-XqHrk7hFb+zBvRg6Ghl+AZDq03ov6OshJLiSWOoX5es=",
        "owner": "numtide",
        "repo": "flake-utils",
        "rev": "846b2ae0fc4cc943637d3d1def4454213e203cba",
        "type": "github"
      },
      "original": {
        "owner": "numtide",
        "repo": "flake-utils",
        "type": "github"
      }
    }
  },
  "root": "root",
  "version": 7
}
