{
  "nodes": {
    "fenix": {
      "inputs": {
        "nixpkgs": [
          "nixpkgs"
        ],
        "rust-analyzer-src": "rust-analyzer-src"
      },
      "locked": {
        "lastModified": 1643696611,
        "narHash": "sha256-zzVdkKVjbc1A91XszegenTgLSPkt3gtuOiY7Px5Lk6Q=",
        "owner": "nix-community",
        "repo": "fenix",
        "rev": "06e7c3fc9cdb2f6a3bfd2886b0a2c3aedf3529c7",
        "type": "github"
      },
      "original": {
        "owner": "nix-community",
        "repo": "fenix",
        "type": "github"
      }
    },
    "naersk": {
      "inputs": {
        "nixpkgs": [
          "nixpkgs"
        ]
      },
      "locked": {
        "lastModified": 1639947939,
        "narHash": "sha256-pGsM8haJadVP80GFq4xhnSpNitYNQpaXk4cnA796Cso=",
        "owner": "nmattia",
        "repo": "naersk",
        "rev": "2fc8ce9d3c025d59fee349c1f80be9785049d653",
        "type": "github"
      },
      "original": {
        "owner": "nmattia",
        "ref": "master",
        "repo": "naersk",
        "type": "github"
      }
    },
    "nixpkgs": {
      "locked": {
        "lastModified": 1643472818,
        "narHash": "sha256-qzVPxKDUubYIxKRSuDl/JgzXWSmGvUVYny9SxFMfPJM=",
        "owner": "NixOS",
        "repo": "nixpkgs",
        "rev": "7f65e4abd5ecaad12d2d26e4380d1a7d8edafea7",
        "type": "github"
      },
      "original": {
        "owner": "NixOS",
        "ref": "nixpkgs-unstable",
        "repo": "nixpkgs",
        "type": "github"
      }
    },
    "octerm": {
      "flake": false,
      "locked": {
        "lastModified": 1643372363,
        "narHash": "sha256-mSXYHmLg4xoxYK4yD5b+BCZliEUFR8h8UjLhmXlCOXY=",
        "owner": "sudormrfbin",
        "repo": "octerm",
        "rev": "6374667f6dc9d2c98b7a3a8020e6ee65dc94078e",
        "type": "github"
      },
      "original": {
        "owner": "sudormrfbin",
        "repo": "octerm",
        "type": "github"
      }
    },
    "root": {
      "inputs": {
        "fenix": "fenix",
        "naersk": "naersk",
        "nixpkgs": "nixpkgs",
        "octerm": "octerm",
        "utils": "utils"
      }
    },
    "rust-analyzer-src": {
      "flake": false,
      "locked": {
        "lastModified": 1643645003,
        "narHash": "sha256-uz+MXBcGoIqzc6acGB7GjJQsTWKr341+fjjv+pQR8N8=",
        "owner": "rust-analyzer",
        "repo": "rust-analyzer",
        "rev": "4800c05a206eb156617b76fdb30af0b6c2c0fb26",
        "type": "github"
      },
      "original": {
        "owner": "rust-analyzer",
        "ref": "nightly",
        "repo": "rust-analyzer",
        "type": "github"
      }
    },
    "utils": {
      "locked": {
        "lastModified": 1642700792,
        "narHash": "sha256-XqHrk7hFb+zBvRg6Ghl+AZDq03ov6OshJLiSWOoX5es=",
        "owner": "numtide",
        "repo": "flake-utils",
        "rev": "846b2ae0fc4cc943637d3d1def4454213e203cba",
        "type": "github"
      },
      "original": {
        "owner": "numtide",
        "repo": "flake-utils",
        "type": "github"
      }
    }
  },
  "root": "root",
  "version": 7
}
